// !$*UTF8*$!
{
	archiveVersion = 1;
	classes = {
	};
	objectVersion = 50;
	objects = {

/* Begin PBXBuildFile section */
		56F5950C222B781D006C5C8F /* AppDelegate.m in Sources */ = {isa = PBXBuildFile; fileRef = 56F5950B222B781D006C5C8F /* AppDelegate.m */; };
		56F5950F222B781D006C5C8F /* Document.m in Sources */ = {isa = PBXBuildFile; fileRef = 56F5950E222B781D006C5C8F /* Document.m */; };
		56F59512222B781D006C5C8F /* Document.xib in Resources */ = {isa = PBXBuildFile; fileRef = 56F59510222B781D006C5C8F /* Document.xib */; };
		56F59514222B781E006C5C8F /* Assets.xcassets in Resources */ = {isa = PBXBuildFile; fileRef = 56F59513222B781E006C5C8F /* Assets.xcassets */; };
		56F59517222B781E006C5C8F /* MainMenu.xib in Resources */ = {isa = PBXBuildFile; fileRef = 56F59515222B781E006C5C8F /* MainMenu.xib */; };
		56F5951A222B781E006C5C8F /* main.m in Sources */ = {isa = PBXBuildFile; fileRef = 56F59519222B781E006C5C8F /* main.m */; };
		56F59525222B7DAC006C5C8F /* AICodeViewController.m in Sources */ = {isa = PBXBuildFile; fileRef = 56F59523222B7DAC006C5C8F /* AICodeViewController.m */; };
		56F59526222B7DAC006C5C8F /* AICodeViewController.xib in Resources */ = {isa = PBXBuildFile; fileRef = 56F59524222B7DAC006C5C8F /* AICodeViewController.xib */; };
/* End PBXBuildFile section */

/* Begin PBXFileReference section */
		56F59507222B781D006C5C8F /* AssembleIt.app */ = {isa = PBXFileReference; explicitFileType = wrapper.application; includeInIndex = 0; path = AssembleIt.app; sourceTree = BUILT_PRODUCTS_DIR; };
		56F5950A222B781D006C5C8F /* AppDelegate.h */ = {isa = PBXFileReference; lastKnownFileType = sourcecode.c.h; path = AppDelegate.h; sourceTree = "<group>"; };
		56F5950B222B781D006C5C8F /* AppDelegate.m */ = {isa = PBXFileReference; lastKnownFileType = sourcecode.c.objc; path = AppDelegate.m; sourceTree = "<group>"; };
		56F5950D222B781D006C5C8F /* Document.h */ = {isa = PBXFileReference; lastKnownFileType = sourcecode.c.h; path = Document.h; sourceTree = "<group>"; };
		56F5950E222B781D006C5C8F /* Document.m */ = {isa = PBXFileReference; lastKnownFileType = sourcecode.c.objc; path = Document.m; sourceTree = "<group>"; };
		56F59511222B781D006C5C8F /* Base */ = {isa = PBXFileReference; lastKnownFileType = file.xib; name = Base; path = Base.lproj/Document.xib; sourceTree = "<group>"; };
		56F59513222B781E006C5C8F /* Assets.xcassets */ = {isa = PBXFileReference; lastKnownFileType = folder.assetcatalog; path = Assets.xcassets; sourceTree = "<group>"; };
		56F59516222B781E006C5C8F /* Base */ = {isa = PBXFileReference; lastKnownFileType = file.xib; name = Base; path = Base.lproj/MainMenu.xib; sourceTree = "<group>"; };
		56F59518222B781E006C5C8F /* Info.plist */ = {isa = PBXFileReference; lastKnownFileType = text.plist.xml; path = Info.plist; sourceTree = "<group>"; };
		56F59519222B781E006C5C8F /* main.m */ = {isa = PBXFileReference; lastKnownFileType = sourcecode.c.objc; path = main.m; sourceTree = "<group>"; };
		56F5951B222B781E006C5C8F /* AssembleIt.entitlements */ = {isa = PBXFileReference; lastKnownFileType = text.plist.entitlements; path = AssembleIt.entitlements; sourceTree = "<group>"; };
		56F59521222B788D006C5C8F /* README.md */ = {isa = PBXFileReference; lastKnownFileType = net.daringfireball.markdown; path = README.md; sourceTree = "<group>"; };
		56F59522222B7DAC006C5C8F /* AICodeViewController.h */ = {isa = PBXFileReference; lastKnownFileType = sourcecode.c.h; path = AICodeViewController.h; sourceTree = "<group>"; };
		56F59523222B7DAC006C5C8F /* AICodeViewController.m */ = {isa = PBXFileReference; lastKnownFileType = sourcecode.c.objc; path = AICodeViewController.m; sourceTree = "<group>"; };
		56F59524222B7DAC006C5C8F /* AICodeViewController.xib */ = {isa = PBXFileReference; lastKnownFileType = file.xib; path = AICodeViewController.xib; sourceTree = "<group>"; };
/* End PBXFileReference section */

/* Begin PBXFrameworksBuildPhase section */
		56F59504222B781D006C5C8F /* Frameworks */ = {
			isa = PBXFrameworksBuildPhase;
			buildActionMask = 2147483647;
			files = (
			);
			runOnlyForDeploymentPostprocessing = 0;
		};
/* End PBXFrameworksBuildPhase section */

/* Begin PBXGroup section */
		56F594FE222B781D006C5C8F = {
			isa = PBXGroup;
			children = (
				56F59521222B788D006C5C8F /* README.md */,
				56F59509222B781D006C5C8F /* AssembleIt */,
				56F59508222B781D006C5C8F /* Products */,
			);
			sourceTree = "<group>";
		};
		56F59508222B781D006C5C8F /* Products */ = {
			isa = PBXGroup;
			children = (
				56F59507222B781D006C5C8F /* AssembleIt.app */,
			);
			name = Products;
			sourceTree = "<group>";
		};
		56F59509222B781D006C5C8F /* AssembleIt */ = {
			isa = PBXGroup;
			children = (
				56F5950A222B781D006C5C8F /* AppDelegate.h */,
				56F5950B222B781D006C5C8F /* AppDelegate.m */,
				56F5950D222B781D006C5C8F /* Document.h */,
				56F5950E222B781D006C5C8F /* Document.m */,
				56F59522222B7DAC006C5C8F /* AICodeViewController.h */,
				56F59523222B7DAC006C5C8F /* AICodeViewController.m */,
				56F59513222B781E006C5C8F /* Assets.xcassets */,
				56F59518222B781E006C5C8F /* Info.plist */,
				56F59519222B781E006C5C8F /* main.m */,
				56F5951B222B781E006C5C8F /* AssembleIt.entitlements */,
				56F59527222B7DB5006C5C8F /* Interface */,
			);
			path = AssembleIt;
			sourceTree = "<group>";
		};
		56F59527222B7DB5006C5C8F /* Interface */ = {
			isa = PBXGroup;
			children = (
				56F59515222B781E006C5C8F /* MainMenu.xib */,
				56F59510222B781D006C5C8F /* Document.xib */,
				56F59524222B7DAC006C5C8F /* AICodeViewController.xib */,
			);
			path = Interface;
			sourceTree = "<group>";
		};
/* End PBXGroup section */

/* Begin PBXNativeTarget section */
		56F59506222B781D006C5C8F /* AssembleIt */ = {
			isa = PBXNativeTarget;
			buildConfigurationList = 56F5951E222B781E006C5C8F /* Build configuration list for PBXNativeTarget "AssembleIt" */;
			buildPhases = (
				56F59503222B781D006C5C8F /* Sources */,
				56F59504222B781D006C5C8F /* Frameworks */,
				56F59505222B781D006C5C8F /* Resources */,
			);
			buildRules = (
			);
			dependencies = (
			);
			name = AssembleIt;
			productName = AssembleIt;
			productReference = 56F59507222B781D006C5C8F /* AssembleIt.app */;
			productType = "com.apple.product-type.application";
		};
/* End PBXNativeTarget section */

/* Begin PBXProject section */
		56F594FF222B781D006C5C8F /* Project object */ = {
			isa = PBXProject;
			attributes = {
				LastUpgradeCheck = 1010;
				ORGANIZATIONNAME = "Evian张";
				TargetAttributes = {
					56F59506222B781D006C5C8F = {
						CreatedOnToolsVersion = 10.1;
					};
				};
			};
			buildConfigurationList = 56F59502222B781D006C5C8F /* Build configuration list for PBXProject "AssembleIt" */;
			compatibilityVersion = "Xcode 9.3";
			developmentRegion = en;
			hasScannedForEncodings = 0;
			knownRegions = (
				en,
				Base,
			);
			mainGroup = 56F594FE222B781D006C5C8F;
			productRefGroup = 56F59508222B781D006C5C8F /* Products */;
			projectDirPath = "";
			projectRoot = "";
			targets = (
				56F59506222B781D006C5C8F /* AssembleIt */,
			);
		};
/* End PBXProject section */

/* Begin PBXResourcesBuildPhase section */
		56F59505222B781D006C5C8F /* Resources */ = {
			isa = PBXResourcesBuildPhase;
			buildActionMask = 2147483647;
			files = (
				56F59514222B781E006C5C8F /* Assets.xcassets in Resources */,
				56F59526222B7DAC006C5C8F /* AICodeViewController.xib in Resources */,
				56F59512222B781D006C5C8F /* Document.xib in Resources */,
				56F59517222B781E006C5C8F /* MainMenu.xib in Resources */,
			);
			runOnlyForDeploymentPostprocessing = 0;
		};
/* End PBXResourcesBuildPhase section */

/* Begin PBXSourcesBuildPhase section */
		56F59503222B781D006C5C8F /* Sources */ = {
			isa = PBXSourcesBuildPhase;
			buildActionMask = 2147483647;
			files = (
				56F5950F222B781D006C5C8F /* Document.m in Sources */,
				56F59525222B7DAC006C5C8F /* AICodeViewController.m in Sources */,
				56F5951A222B781E006C5C8F /* main.m in Sources */,
				56F5950C222B781D006C5C8F /* AppDelegate.m in Sources */,
			);
			runOnlyForDeploymentPostprocessing = 0;
		};
/* End PBXSourcesBuildPhase section */

/* Begin PBXVariantGroup section */
		56F59510222B781D006C5C8F /* Document.xib */ = {
			isa = PBXVariantGroup;
			children = (
				56F59511222B781D006C5C8F /* Base */,
			);
			name = Document.xib;
			sourceTree = "<group>";
		};
		56F59515222B781E006C5C8F /* MainMenu.xib */ = {
			isa = PBXVariantGroup;
			children = (
				56F59516222B781E006C5C8F /* Base */,
			);
			name = MainMenu.xib;
			sourceTree = "<group>";
		};
/* End PBXVariantGroup section */

/* Begin XCBuildConfiguration section */
		56F5951C222B781E006C5C8F /* Debug */ = {
			isa = XCBuildConfiguration;
			buildSettings = {
				ALWAYS_SEARCH_USER_PATHS = NO;
				CLANG_ANALYZER_NONNULL = YES;
				CLANG_ANALYZER_NUMBER_OBJECT_CONVERSION = YES_AGGRESSIVE;
				CLANG_CXX_LANGUAGE_STANDARD = "gnu++14";
				CLANG_CXX_LIBRARY = "libc++";
				CLANG_ENABLE_MODULES = YES;
				CLANG_ENABLE_OBJC_ARC = YES;
				CLANG_ENABLE_OBJC_WEAK = YES;
				CLANG_WARN_BLOCK_CAPTURE_AUTORELEASING = YES;
				CLANG_WARN_BOOL_CONVERSION = YES;
				CLANG_WARN_COMMA = YES;
				CLANG_WARN_CONSTANT_CONVERSION = YES;
				CLANG_WARN_DEPRECATED_OBJC_IMPLEMENTATIONS = YES;
				CLANG_WARN_DIRECT_OBJC_ISA_USAGE = YES_ERROR;
				CLANG_WARN_DOCUMENTATION_COMMENTS = YES;
				CLANG_WARN_EMPTY_BODY = YES;
				CLANG_WARN_ENUM_CONVERSION = YES;
				CLANG_WARN_INFINITE_RECURSION = YES;
				CLANG_WARN_INT_CONVERSION = YES;
				CLANG_WARN_NON_LITERAL_NULL_CONVERSION = YES;
				CLANG_WARN_OBJC_IMPLICIT_RETAIN_SELF = YES;
				CLANG_WARN_OBJC_LITERAL_CONVERSION = YES;
				CLANG_WARN_OBJC_ROOT_CLASS = YES_ERROR;
				CLANG_WARN_RANGE_LOOP_ANALYSIS = YES;
				CLANG_WARN_STRICT_PROTOTYPES = YES;
				CLANG_WARN_SUSPICIOUS_MOVE = YES;
				CLANG_WARN_UNGUARDED_AVAILABILITY = YES_AGGRESSIVE;
				CLANG_WARN_UNREACHABLE_CODE = YES;
				CLANG_WARN__DUPLICATE_METHOD_MATCH = YES;
				CODE_SIGN_IDENTITY = "Mac Developer";
				COPY_PHASE_STRIP = NO;
				DEBUG_INFORMATION_FORMAT = dwarf;
				ENABLE_STRICT_OBJC_MSGSEND = YES;
				ENABLE_TESTABILITY = YES;
				GCC_C_LANGUAGE_STANDARD = gnu11;
				GCC_DYNAMIC_NO_PIC = NO;
				GCC_NO_COMMON_BLOCKS = YES;
				GCC_OPTIMIZATION_LEVEL = 0;
				GCC_PREPROCESSOR_DEFINITIONS = (
					"DEBUG=1",
					"$(inherited)",
				);
				GCC_WARN_64_TO_32_BIT_CONVERSION = YES;
				GCC_WARN_ABOUT_RETURN_TYPE = YES_ERROR;
				GCC_WARN_UNDECLARED_SELECTOR = YES;
				GCC_WARN_UNINITIALIZED_AUTOS = YES_AGGRESSIVE;
				GCC_WARN_UNUSED_FUNCTION = YES;
				GCC_WARN_UNUSED_VARIABLE = YES;
				MACOSX_DEPLOYMENT_TARGET = 10.14;
				MTL_ENABLE_DEBUG_INFO = INCLUDE_SOURCE;
				MTL_FAST_MATH = YES;
				ONLY_ACTIVE_ARCH = YES;
				SDKROOT = macosx;
			};
			name = Debug;
		};
		56F5951D222B781E006C5C8F /* Release */ = {
			isa = XCBuildConfiguration;
			buildSettings = {
				ALWAYS_SEARCH_USER_PATHS = NO;
				CLANG_ANALYZER_NONNULL = YES;
				CLANG_ANALYZER_NUMBER_OBJECT_CONVERSION = YES_AGGRESSIVE;
				CLANG_CXX_LANGUAGE_STANDARD = "gnu++14";
				CLANG_CXX_LIBRARY = "libc++";
				CLANG_ENABLE_MODULES = YES;
				CLANG_ENABLE_OBJC_ARC = YES;
				CLANG_ENABLE_OBJC_WEAK = YES;
				CLANG_WARN_BLOCK_CAPTURE_AUTORELEASING = YES;
				CLANG_WARN_BOOL_CONVERSION = YES;
				CLANG_WARN_COMMA = YES;
				CLANG_WARN_CONSTANT_CONVERSION = YES;
				CLANG_WARN_DEPRECATED_OBJC_IMPLEMENTATIONS = YES;
				CLANG_WARN_DIRECT_OBJC_ISA_USAGE = YES_ERROR;
				CLANG_WARN_DOCUMENTATION_COMMENTS = YES;
				CLANG_WARN_EMPTY_BODY = YES;
				CLANG_WARN_ENUM_CONVERSION = YES;
				CLANG_WARN_INFINITE_RECURSION = YES;
				CLANG_WARN_INT_CONVERSION = YES;
				CLANG_WARN_NON_LITERAL_NULL_CONVERSION = YES;
				CLANG_WARN_OBJC_IMPLICIT_RETAIN_SELF = YES;
				CLANG_WARN_OBJC_LITERAL_CONVERSION = YES;
				CLANG_WARN_OBJC_ROOT_CLASS = YES_ERROR;
				CLANG_WARN_RANGE_LOOP_ANALYSIS = YES;
				CLANG_WARN_STRICT_PROTOTYPES = YES;
				CLANG_WARN_SUSPICIOUS_MOVE = YES;
				CLANG_WARN_UNGUARDED_AVAILABILITY = YES_AGGRESSIVE;
				CLANG_WARN_UNREACHABLE_CODE = YES;
				CLANG_WARN__DUPLICATE_METHOD_MATCH = YES;
				CODE_SIGN_IDENTITY = "Mac Developer";
				COPY_PHASE_STRIP = NO;
				DEBUG_INFORMATION_FORMAT = "dwarf-with-dsym";
				ENABLE_NS_ASSERTIONS = NO;
				ENABLE_STRICT_OBJC_MSGSEND = YES;
				GCC_C_LANGUAGE_STANDARD = gnu11;
				GCC_NO_COMMON_BLOCKS = YES;
				GCC_WARN_64_TO_32_BIT_CONVERSION = YES;
				GCC_WARN_ABOUT_RETURN_TYPE = YES_ERROR;
				GCC_WARN_UNDECLARED_SELECTOR = YES;
				GCC_WARN_UNINITIALIZED_AUTOS = YES_AGGRESSIVE;
				GCC_WARN_UNUSED_FUNCTION = YES;
				GCC_WARN_UNUSED_VARIABLE = YES;
				MACOSX_DEPLOYMENT_TARGET = 10.14;
				MTL_ENABLE_DEBUG_INFO = NO;
				MTL_FAST_MATH = YES;
				SDKROOT = macosx;
			};
			name = Release;
		};
		56F5951F222B781E006C5C8F /* Debug */ = {
			isa = XCBuildConfiguration;
			buildSettings = {
				ASSETCATALOG_COMPILER_APPICON_NAME = AppIcon;
				CODE_SIGN_ENTITLEMENTS = AssembleIt/AssembleIt.entitlements;
				CODE_SIGN_STYLE = Automatic;
				COMBINE_HIDPI_IMAGES = YES;
				DEVELOPMENT_TEAM = C9474Z9GXV;
				INFOPLIST_FILE = AssembleIt/Info.plist;
				LD_RUNPATH_SEARCH_PATHS = (
					"$(inherited)",
					"@executable_path/../Frameworks",
				);
				PRODUCT_BUNDLE_IDENTIFIER = com.zhang.evian.AssembleIt;
				PRODUCT_NAME = "$(TARGET_NAME)";
			};
			name = Debug;
		};
		56F59520222B781E006C5C8F /* Release */ = {
			isa = XCBuildConfiguration;
			buildSettings = {
				ASSETCATALOG_COMPILER_APPICON_NAME = AppIcon;
				CODE_SIGN_ENTITLEMENTS = AssembleIt/AssembleIt.entitlements;
				CODE_SIGN_STYLE = Automatic;
				COMBINE_HIDPI_IMAGES = YES;
				DEVELOPMENT_TEAM = C9474Z9GXV;
				INFOPLIST_FILE = AssembleIt/Info.plist;
				LD_RUNPATH_SEARCH_PATHS = (
					"$(inherited)",
					"@executable_path/../Frameworks",
				);
				PRODUCT_BUNDLE_IDENTIFIER = com.zhang.evian.AssembleIt;
				PRODUCT_NAME = "$(TARGET_NAME)";
			};
			name = Release;
		};
/* End XCBuildConfiguration section */

/* Begin XCConfigurationList section */
		56F59502222B781D006C5C8F /* Build configuration list for PBXProject "AssembleIt" */ = {
			isa = XCConfigurationList;
			buildConfigurations = (
				56F5951C222B781E006C5C8F /* Debug */,
				56F5951D222B781E006C5C8F /* Release */,
			);
			defaultConfigurationIsVisible = 0;
			defaultConfigurationName = Release;
		};
		56F5951E222B781E006C5C8F /* Build configuration list for PBXNativeTarget "AssembleIt" */ = {
			isa = XCConfigurationList;
			buildConfigurations = (
				56F5951F222B781E006C5C8F /* Debug */,
				56F59520222B781E006C5C8F /* Release */,
			);
			defaultConfigurationIsVisible = 0;
			defaultConfigurationName = Release;
		};
/* End XCConfigurationList section */
	};
	rootObject = 56F594FF222B781D006C5C8F /* Project object */;
}
